
Microsoft Visual Studio Solution File, Format Version 12.00
# Visual Studio Version 17
VisualStudioVersion = 17.11.35327.3
MinimumVisualStudioVersion = 10.0.40219.1
Project("{FAE04EC0-301F-11D3-BF4B-00C04F79EFBC}") = "CandidateManagement_LeTienDat", "CandidateManagement_LeTienDat\CandidateManagement_LeTienDat.csproj", "{8B01A474-92AC-4D04-8398-8019D499BDAB}"
EndProject
Project("{FAE04EC0-301F-11D3-BF4B-00C04F79EFBC}") = "Candidate_BusinessObject", "Candidate_BusinessObject\Candidate_BusinessObject.csproj", "{1FF078F7-6EB9-4854-A477-86016EA7E68F}"
EndProject
Project("{FAE04EC0-301F-11D3-BF4B-00C04F79EFBC}") = "Candidate_DAOs", "Candidate_DAOs\Candidate_DAOs.csproj", "{50228307-7C66-4B71-BDB0-059A7E263353}"
EndProject
Project("{FAE04EC0-301F-11D3-BF4B-00C04F79EFBC}") = "Candidate_Repository", "Candidate_Repository\Candidate_Repository.csproj", "{F3894D6C-0048-4B52-B8E9-86467D601828}"
EndProject
Project("{FAE04EC0-301F-11D3-BF4B-00C04F79EFBC}") = "Candidate_Service", "Candidate_Service\Candidate_Service.csproj", "{9A370E31-9ABC-4AB2-8DE8-84412BBFAF3E}"
EndProject
Global
	GlobalSection(SolutionConfigurationPlatforms) = preSolution
		Debug|Any CPU = Debug|Any CPU
		Release|Any CPU = Release|Any CPU
	EndGlobalSection
	GlobalSection(ProjectConfigurationPlatforms) = postSolution
		{8B01A474-92AC-4D04-8398-8019D499BDAB}.Debug|Any CPU.ActiveCfg = Debug|Any CPU
		{8B01A474-92AC-4D04-8398-8019D499BDAB}.Debug|Any CPU.Build.0 = Debug|Any CPU
		{8B01A474-92AC-4D04-8398-8019D499BDAB}.Release|Any CPU.ActiveCfg = Release|Any CPU
		{8B01A474-92AC-4D04-8398-8019D499BDAB}.Release|Any CPU.Build.0 = Release|Any CPU
		{1FF078F7-6EB9-4854-A477-86016EA7E68F}.Debug|Any CPU.ActiveCfg = Debug|Any CPU
		{1FF078F7-6EB9-4854-A477-86016EA7E68F}.Debug|Any CPU.Build.0 = Debug|Any CPU
		{1FF078F7-6EB9-4854-A477-86016EA7E68F}.Release|Any CPU.ActiveCfg = Release|Any CPU
		{1FF078F7-6EB9-4854-A477-86016EA7E68F}.Release|Any CPU.Build.0 = Release|Any CPU
		{50228307-7C66-4B71-BDB0-059A7E263353}.Debug|Any CPU.ActiveCfg = Debug|Any CPU
		{50228307-7C66-4B71-BDB0-059A7E263353}.Debug|Any CPU.Build.0 = Debug|Any CPU
		{50228307-7C66-4B71-BDB0-059A7E263353}.Release|Any CPU.ActiveCfg = Release|Any CPU
		{50228307-7C66-4B71-BDB0-059A7E263353}.Release|Any CPU.Build.0 = Release|Any CPU
		{F3894D6C-0048-4B52-B8E9-86467D601828}.Debug|Any CPU.ActiveCfg = Debug|Any CPU
		{F3894D6C-0048-4B52-B8E9-86467D601828}.Debug|Any CPU.Build.0 = Debug|Any CPU
		{F3894D6C-0048-4B52-B8E9-86467D601828}.Release|Any CPU.ActiveCfg = Release|Any CPU
		{F3894D6C-0048-4B52-B8E9-86467D601828}.Release|Any CPU.Build.0 = Release|Any CPU
		{9A370E31-9ABC-4AB2-8DE8-84412BBFAF3E}.Debug|Any CPU.ActiveCfg = Debug|Any CPU
		{9A370E31-9ABC-4AB2-8DE8-84412BBFAF3E}.Debug|Any CPU.Build.0 = Debug|Any CPU
		{9A370E31-9ABC-4AB2-8DE8-84412BBFAF3E}.Release|Any CPU.ActiveCfg = Release|Any CPU
		{9A370E31-9ABC-4AB2-8DE8-84412BBFAF3E}.Release|Any CPU.Build.0 = Release|Any CPU
	EndGlobalSection
	GlobalSection(SolutionProperties) = preSolution
		HideSolutionNode = FALSE
	EndGlobalSection
	GlobalSection(ExtensibilityGlobals) = postSolution
		SolutionGuid = {DAD71A04-B3DF-47D4-9B3E-8286DF1F7060}
	EndGlobalSection
EndGlobal
